# This file is autogenerated, do not edit; changes may be undone by the next 'dep ensure'.


[[projects]]
  branch = "master"
  name = "a4.io/blobsfile"
  packages = ["."]
  revision = "970bd4bee7d11ba8d8ac31edae99a49caa83cd21"

[[projects]]
  branch = "master"
  name = "a4.io/gluapp"
  packages = [
    ".",
    "util"
  ]
  revision = "ca7cb5c8db5bb96d8902b8a1c481efed6fa4abd1"

[[projects]]
  branch = "master"
  name = "a4.io/gluarequire2"
  packages = ["."]
  revision = "66e0eb2c6a9f11df92a9f12ef9863b33f8f252a2"

[[projects]]
  name = "github.com/Workiva/go-datastructures"
  packages = [
    "trie/xfast",
    "trie/yfast"
  ]
  revision = "f07cbe3f82ca2fd6e5ab94afce65fe43319f675f"
  version = "v1.0.50"

[[projects]]
  name = "github.com/aws/aws-sdk-go"
  packages = [
    "aws",
    "aws/awserr",
    "aws/awsutil",
    "aws/client",
    "aws/client/metadata",
    "aws/corehandlers",
    "aws/credentials",
    "aws/credentials/ec2rolecreds",
    "aws/credentials/endpointcreds",
    "aws/credentials/stscreds",
    "aws/csm",
    "aws/defaults",
    "aws/ec2metadata",
    "aws/endpoints",
    "aws/request",
    "aws/session",
    "aws/signer/v4",
    "internal/sdkio",
    "internal/sdkrand",
    "internal/sdkuri",
    "internal/shareddefaults",
    "private/protocol",
    "private/protocol/eventstream",
    "private/protocol/eventstream/eventstreamapi",
    "private/protocol/query",
    "private/protocol/query/queryutil",
    "private/protocol/rest",
    "private/protocol/restxml",
    "private/protocol/xml/xmlutil",
    "service/s3",
    "service/sts"
  ]
  revision = "949f7800d745d1df9af349380e5deec8de206144"
  version = "v1.15.38"

[[projects]]
  branch = "master"
  name = "github.com/blevesearch/segment"
  packages = ["."]
  revision = "762005e7a34fd909a84586299f1dd457371d36ee"

[[projects]]
  branch = "master"
  name = "github.com/carbocation/handlers"
  packages = ["."]
  revision = "c939c6d9ef31c3d483da9db462b6fd806044ac87"

[[projects]]
  branch = "master"
  name = "github.com/carbocation/interpose"
  packages = [
    "adaptors",
    "middleware"
  ]
  revision = "723534742ba3bbda66268b735aaa41634468acc6"

[[projects]]
  name = "github.com/codegangsta/inject"
  packages = ["."]
  revision = "37d7f8432a3e684eef9b2edece76bdfa6ac85b39"
  version = "v1.0-rc1"

[[projects]]
  branch = "master"
  name = "github.com/cznic/fileutil"
  packages = ["."]
  revision = "6a051e75936f623600b67c2b1116b6b6c0ffb936"

[[projects]]
  name = "github.com/cznic/internal"
  packages = [
    "buffer",
    "file",
    "slice"
  ]
  revision = "cef02a853c3a93623c42eacd574e7ea05f55531b"
  version = "1.0.0"

[[projects]]
  branch = "master"
  name = "github.com/cznic/kv"
  packages = ["."]
  revision = "892ccf731fb7aa5e9aa300eb24456d1519afcfc7"

[[projects]]
  name = "github.com/cznic/lldb"
  packages = ["."]
  revision = "bea8611dd5c407f3c5eab9f9c68e887a27dc6f0e"
  version = "v1.1.0"

[[projects]]
  branch = "master"
  name = "github.com/cznic/mathutil"
  packages = ["."]
  revision = "ca4c9f2c136954238c3158b92de72078c7672ecc"

[[projects]]
  branch = "master"
  name = "github.com/cznic/sortutil"
  packages = ["."]
  revision = "4c7342852e65c2088c981288f2c5610d10b9f7f4"

[[projects]]
  branch = "master"
  name = "github.com/cznic/zappy"
  packages = ["."]
  revision = "2533cb5b45cc6c07421468ce262899ddc9d53fb7"

[[projects]]
  name = "github.com/dchest/blake2b"
  packages = ["."]
  revision = "06006a921c7d13e3fdf63c401cb0e4529a26e6e4"
  version = "v1.0.0"

[[projects]]
  branch = "master"
  name = "github.com/dustin/go-humanize"
  packages = ["."]
  revision = "9f541cc9db5d55bce703bd99987c9d5cb8eea45e"

[[projects]]
  branch = "master"
  name = "github.com/edsrzf/mmap-go"
  packages = ["."]
  revision = "0bce6a6887123b67a60366d2c9fe2dfb74289d2e"

[[projects]]
  name = "github.com/emirpasic/gods"
  packages = [
    "containers",
    "lists",
    "lists/arraylist",
    "trees",
    "trees/binaryheap",
    "utils"
  ]
  revision = "370f7ab252bf7f9f3e8832a0d67c06aee657d027"
  version = "v1.10.0"

[[projects]]
  name = "github.com/evanphx/json-patch"
  packages = ["."]
  revision = "72bf35d0ff611848c1dc9df0f976c81192392fa5"
  version = "v4.1.0"

[[projects]]
  name = "github.com/go-ini/ini"
  packages = ["."]
  revision = "5cf292cae48347c2490ac1a58fe36735fb78df7e"
  version = "v1.38.2"

[[projects]]
  name = "github.com/go-martini/martini"
  packages = ["."]
  revision = "49411a5b646861ad29a6ddd5351717a0a9c49b94"
  version = "v1.0"

[[projects]]
  name = "github.com/go-stack/stack"
  packages = ["."]
  revision = "2fee6af1a9795aafbe0253a0cfbdf668e1fb8a9a"
  version = "v1.8.0"

[[projects]]
  name = "github.com/golang/protobuf"
  packages = ["proto"]
  revision = "aa810b61a9c79d51363740d207bb46cf8e620ed5"
  version = "v1.2.0"

[[projects]]
  branch = "master"
  name = "github.com/golang/snappy"
  packages = ["."]
  revision = "2e65f85255dbc3072edf28d6b5b8efc472979f5a"

[[projects]]
  branch = "master"
  name = "github.com/goods/httpbuf"
  packages = ["."]
  revision = "5709e9bb814c932e48b6737e1cf214a6522453a2"

[[projects]]
  name = "github.com/gorilla/context"
  packages = ["."]
  revision = "08b5f424b9271eedf6f9f0ce86cb9396ed337a42"
  version = "v1.1.1"

[[projects]]
  name = "github.com/gorilla/handlers"
  packages = ["."]
  revision = "7e0847f9db758cdebd26c149d0ae9d5d0b9c98ce"
  version = "v1.4.0"

[[projects]]
  name = "github.com/gorilla/mux"
  packages = ["."]
  revision = "e3702bed27f0d39777b0b37b664b6280e8ef8fbf"
  version = "v1.6.2"

[[projects]]
  name = "github.com/hanwen/go-fuse"
  packages = [
    "fuse",
    "fuse/nodefs",
    "fuse/pathfs",
    "splice"
  ]
  revision = "5690be47d614355a22931c129e1075c25a62e9ac"
  version = "v20170619"

[[projects]]
  name = "github.com/hashicorp/golang-lru"
  packages = [
    ".",
    "simplelru"
  ]
  revision = "20f1fb78b0740ba8c3cb143a61e86ba5c8669768"
  version = "v0.5.0"

[[projects]]
  name = "github.com/inconshreveable/log15"
  packages = [
    ".",
    "ext"
  ]
  revision = "67afb5ed74ec82fd7ac8f49d27c509ac6f991970"
  version = "v2.14"

[[projects]]
  branch = "master"
  name = "github.com/jbenet/go-context"
  packages = ["io"]
  revision = "d14ea06fba99483203c19d92cfcd13ebe73135f4"

[[projects]]
  name = "github.com/jmespath/go-jmespath"
  packages = ["."]
  revision = "0b12d6b5"

[[projects]]
  branch = "master"
  name = "github.com/justinas/nosurf"
  packages = ["."]
  revision = "7182011986c42c33f0a79fd4b07e41edc784532b"

[[projects]]
  name = "github.com/klauspost/cpuid"
  packages = ["."]
  revision = "ae7887de9fa5d2db4eaa8174a7eff2c1ac00f2da"
  version = "v1.1"

[[projects]]
  name = "github.com/klauspost/reedsolomon"
  packages = ["."]
  revision = "6bb6130ff6a76a904c1841707d65603aec9cc288"
  version = "v1.6"

[[projects]]
  name = "github.com/mattn/go-colorable"
  packages = ["."]
  revision = "167de6bfdfba052fa6b2d3664c8f5272e23c9072"
  version = "v0.0.9"

[[projects]]
  name = "github.com/mattn/go-isatty"
  packages = ["."]
  revision = "6ca4dbf54d38eea1a992b3c722a76a5d1c4cb25c"
  version = "v0.0.4"

[[projects]]
  branch = "master"
  name = "github.com/meatballhat/negroni-logrus"
  packages = ["."]
  revision = "31067281800f66f57548a7a32d9c6c5f963fef83"

[[projects]]
  branch = "master"
  name = "github.com/mitchellh/go-ps"
  packages = ["."]
  revision = "4fdf99ab29366514c69ccccddab5dc58b8d84062"

[[projects]]
  branch = "master"
  name = "github.com/nfnt/resize"
  packages = ["."]
  revision = "83c6a9932646f83e3267f353373d47347b6036b2"

[[projects]]
  branch = "master"
  name = "github.com/phayes/permbits"
  packages = ["."]
  revision = "59f2482cd4603d9795e7b2385448d5d7f42fdeee"

[[projects]]
  branch = "master"
  name = "github.com/phyber/negroni-gzip"
  packages = ["gzip"]
  revision = "ef6356a5d02936b65ca8e60b604ed6b078aac8d3"

[[projects]]
  name = "github.com/reiver/go-porterstemmer"
  packages = ["."]
  revision = "b4dd94e38f29620fe0f97ae4b0f6994b0d5d75f0"
  version = "v1.0.1"

[[projects]]
  name = "github.com/restic/chunker"
  packages = ["."]
  revision = "db83917be3b88cc307464b7d8a221c173e34a0db"
  version = "v0.2.0"

[[projects]]
  branch = "go1"
  name = "github.com/rwcarlsen/goexif"
  packages = [
    "exif",
    "tiff"
  ]
  revision = "8d986c03457a2057c7b0fb0a48113f7dd48f9619"

[[projects]]
  name = "github.com/ryanuber/go-glob"
  packages = ["."]
  revision = "572520ed46dbddaed19ea3d9541bdd0494163693"
  version = "v0.1"

[[projects]]
  name = "github.com/sergi/go-diff"
  packages = ["diffmatchpatch"]
  revision = "1744e2970ca51c86172c8190fadad617561ed6e7"
  version = "v1.0.0"

[[projects]]
  name = "github.com/sirupsen/logrus"
  packages = ["."]
  revision = "3e01752db0189b9157070a0e1668a620f9a85da2"
  version = "v1.0.6"

[[projects]]
  name = "github.com/src-d/gcfg"
  packages = [
    ".",
    "scanner",
    "token",
    "types"
  ]
  revision = "f187355171c936ac84a82793659ebb4936bc1c23"
  version = "v1.3.0"

[[projects]]
  branch = "master"
  name = "github.com/syndtr/goleveldb"
  packages = [
    "leveldb",
    "leveldb/cache",
    "leveldb/comparer",
    "leveldb/errors",
    "leveldb/filter",
    "leveldb/iterator",
    "leveldb/journal",
    "leveldb/memdb",
    "leveldb/opt",
    "leveldb/storage",
    "leveldb/table",
    "leveldb/util"
  ]
  revision = "ae2bd5eed72d46b28834ec3f60db3a3ebedd8dbd"

[[projects]]
  branch = "master"
  name = "github.com/unrolled/secure"
  packages = ["."]
  revision = "f340ee86eb8bb577158a1570ac8f37b63438b1bd"

[[projects]]
  name = "github.com/urfave/negroni"
  packages = ["."]
  revision = "c6a59be0ce122566695fbd5e48a77f8f10c8a63a"
  version = "v1.0.0"

[[projects]]
  name = "github.com/vmihailenco/msgpack"
  packages = [
    ".",
    "codes"
  ]
  revision = "b5e691b1eb52a28c05e67ab9df303626c095c23b"
  version = "v3.3.3"

[[projects]]
  name = "github.com/xeonx/timeago"
  packages = ["."]
  revision = "714e6695c468c22fb6431a914d8c5f9d19fa2367"
  version = "v1.0.0-rc3"

[[projects]]
  branch = "master"
  name = "github.com/yuin/gopher-lua"
  packages = [
    ".",
    "ast",
    "parse",
    "pm"
  ]
  revision = "799fa34954fbf844a6c25ea3b061bfd56f73bd10"

[[projects]]
  branch = "master"
  name = "github.com/zpatrick/rbac"
  packages = ["."]
  revision = "d2c4f050cf28ba176e48e9b0ca3d58f2b59ff6ee"

[[projects]]
  branch = "master"
  name = "golang.org/x/crypto"
  packages = [
    "acme",
    "acme/autocert",
    "cast5",
    "internal/subtle",
    "nacl/secretbox",
    "openpgp",
    "openpgp/armor",
    "openpgp/elgamal",
    "openpgp/errors",
    "openpgp/packet",
    "openpgp/s2k",
    "pbkdf2",
    "poly1305",
    "salsa20/salsa",
    "scrypt",
    "ssh/terminal"
  ]
  revision = "0e37d006457bf46f9e6692014ba72ef82c33022c"

[[projects]]
  branch = "master"
  name = "golang.org/x/net"
  packages = ["context"]
  revision = "26e67e76b6c3f6ce91f7c52def5af501b4e0f3a2"

[[projects]]
  branch = "master"
  name = "golang.org/x/sys"
  packages = [
    "unix",
    "windows"
  ]
  revision = "d641721ec2dead6fe5ca284096fe4b1fcd49e427"

[[projects]]
  name = "golang.org/x/text"
  packages = [
    "internal/gen",
    "internal/triegen",
    "internal/ucd",
    "transform",
    "unicode/cldr",
    "unicode/norm"
  ]
  revision = "f21a4dfb5e38f5895301dc265a8def02365cc3d0"
  version = "v0.3.0"

[[projects]]
  name = "google.golang.org/appengine"
  packages = [
    ".",
    "datastore",
    "internal",
    "internal/app_identity",
    "internal/base",
    "internal/datastore",
    "internal/log",
    "internal/modules",
    "internal/remote_api"
  ]
  revision = "ae0ab99deb4dc413a2b4bd6c8bdd0eb67f1e4d06"
  version = "v1.2.0"

[[projects]]
  name = "gopkg.in/inconshreveable/log15.v2"
  packages = ["."]
  revision = "67afb5ed74ec82fd7ac8f49d27c509ac6f991970"
  version = "v2.14"

[[projects]]
  name = "gopkg.in/src-d/go-billy.v4"
  packages = [
    ".",
    "helper/chroot",
    "helper/polyfill",
    "osfs"
  ]
  revision = "59952543636f55de3f860b477b615093d5c2c3e4"
  version = "v4.2.1"

[[projects]]
  name = "gopkg.in/src-d/go-git.v4"
  packages = [
    "config",
    "plumbing",
    "plumbing/cache",
    "plumbing/filemode",
    "plumbing/format/config",
    "plumbing/format/diff",
    "plumbing/format/idxfile",
    "plumbing/format/index",
    "plumbing/format/objfile",
    "plumbing/format/packfile",
    "plumbing/format/pktline",
    "plumbing/object",
    "plumbing/protocol/packp",
    "plumbing/protocol/packp/capability",
    "plumbing/protocol/packp/sideband",
    "plumbing/revlist",
    "plumbing/storer",
    "plumbing/transport",
    "plumbing/transport/server",
    "storage",
    "storage/filesystem",
    "storage/filesystem/dotgit",
    "storage/memory",
    "utils/binary",
    "utils/diff",
    "utils/ioutil",
    "utils/merkletrie",
    "utils/merkletrie/internal/frame",
    "utils/merkletrie/noder"
  ]
  revision = "d3cec13ac0b195bfb897ed038a08b5130ab9969e"
  version = "v4.7.0"

[[projects]]
  name = "gopkg.in/warnings.v0"
  packages = ["."]
  revision = "ec4a0fea49c7b46c2aeb0b51aac55779c607e52b"
  version = "v0.1.2"

[[projects]]
  name = "gopkg.in/yaml.v2"
  packages = ["."]
  revision = "5420a8b6744d3b0345ab293f6fcba19c978f1183"
  version = "v2.2.1"

[solve-meta]
  analyzer-name = "dep"
  analyzer-version = 1
  inputs-digest = "49bae911dca9bb58e683a430ed6d9141574f60a63d0afc0c25dc6c3e4a5f2871"
  solver-name = "gps-cdcl"
  solver-version = 1
